
Microsoft Visual Studio Solution File, Format Version 12.00
# Visual Studio Version 16
VisualStudioVersion = 16.0.30114.105
MinimumVisualStudioVersion = 10.0.40219.1
Project("{FAE04EC0-301F-11D3-BF4B-00C04F79EFBC}") = "MediatorHelper", "src\MediatorHelper\MediatorHelper.csproj", "{D0C38935-6528-4F95-88D9-07D3CA038EE7}"
EndProject
Project("{2150E333-8FDC-42A3-9474-1A3956D46DE8}") = "Solution Items", "Solution Items", "{FACA64C9-5430-4BEB-9205-88BA7589A293}"
	ProjectSection(SolutionItems) = preProject
		.editorconfig = .editorconfig
	EndProjectSection
EndProject
Project("{FAE04EC0-301F-11D3-BF4B-00C04F79EFBC}") = "Domain.Common.Tests", "tests\Domain.Common.Tests\Domain.Common.Tests.csproj", "{EFE6DFCA-57E7-4943-8C50-04ED79DA79DD}"
EndProject
Project("{FAE04EC0-301F-11D3-BF4B-00C04F79EFBC}") = "Domain.Common", "src\Domain\Domain.Common\Domain.Common.csproj", "{43F6C888-2F6A-443F-AF4C-161FED0D8EEB}"
EndProject
Project("{FAE04EC0-301F-11D3-BF4B-00C04F79EFBC}") = "Domain.ESanjeevani.InstituteMember", "src\Domain\Domain.ESanjeevani.InstituteMember\Domain.ESanjeevani.InstituteMember.csproj", "{1FBD04F6-4E71-475D-8424-7D6D023F4CBC}"
EndProject
Project("{FAE04EC0-301F-11D3-BF4B-00C04F79EFBC}") = "Infrastructure.Common", "src\Infrastructure\Infrastructure.Common\Infrastructure.Common.csproj", "{6404D422-031B-4B65-B2F3-717F0A582A01}"
EndProject
Project("{FAE04EC0-301F-11D3-BF4B-00C04F79EFBC}") = "Infrastructure.ESanjeevani.InstituteMember", "src\Infrastructure\Infrastructure.ESanjeevani.InstituteMember\Infrastructure.ESanjeevani.InstituteMember.csproj", "{983889CC-9887-4C7C-B5F9-22F030F10407}"
EndProject
Project("{FAE04EC0-301F-11D3-BF4B-00C04F79EFBC}") = "API", "src\API\API.csproj", "{77986D34-ADF3-469A-B597-DFAEB0F89727}"
EndProject
Project("{FAE04EC0-301F-11D3-BF4B-00C04F79EFBC}") = "Application.Job", "src\Application\Application.Job\Application.Job.csproj", "{68DCE104-045E-460E-AF9D-8C8DFEF10EA9}"
EndProject
Project("{FAE04EC0-301F-11D3-BF4B-00C04F79EFBC}") = "Application.ESanjeevani.InstituteMember", "src\Application\Application.ESanjeevani.InstituteMember\Application.ESanjeevani.InstituteMember.csproj", "{FFC87F15-E287-4D2E-8508-0F11B88B2437}"
EndProject
Project("{FAE04EC0-301F-11D3-BF4B-00C04F79EFBC}") = "BlazorWebAssemblyClient", "src\Clients\BlazorWebAssemblyClient\BlazorWebAssemblyClient.csproj", "{4CF95F4A-AA66-46AB-8F95-E342508B41E8}"
EndProject
Project("{FAE04EC0-301F-11D3-BF4B-00C04F79EFBC}") = "WebClient", "src\Clients\WebClient\WebClient.csproj", "{3EA025AB-766A-4BC7-B2F7-468C86B28E83}"
EndProject
Project("{2150E333-8FDC-42A3-9474-1A3956D46DE8}") = "API", "API", "{B738F600-BC77-4310-9009-4FBC4A013435}"
EndProject
Project("{2150E333-8FDC-42A3-9474-1A3956D46DE8}") = "Infrastructure", "Infrastructure", "{25E184A3-D9E7-483D-9E06-5E30CE987D1E}"
EndProject
Project("{2150E333-8FDC-42A3-9474-1A3956D46DE8}") = "Application", "Application", "{CB886C50-4055-46B8-B48D-BD87B0144E2B}"
EndProject
Project("{2150E333-8FDC-42A3-9474-1A3956D46DE8}") = "Domain", "Domain", "{5E40B4E1-6A29-4396-B6AF-FB2D917F3006}"
EndProject
Project("{2150E333-8FDC-42A3-9474-1A3956D46DE8}") = "UI", "UI", "{6DAD5640-6D56-4091-906D-E6CF6F4B8BD0}"
EndProject
Project("{2150E333-8FDC-42A3-9474-1A3956D46DE8}") = "src", "src", "{53079E8E-6DFE-4659-B553-FAFDACAFF3C7}"
EndProject
Project("{2150E333-8FDC-42A3-9474-1A3956D46DE8}") = "tests", "tests", "{D4602278-7C31-4C9B-9BC8-551804212D33}"
EndProject
Project("{FAE04EC0-301F-11D3-BF4B-00C04F79EFBC}") = "Domain.ESanjeevani.InstituteMember", "src\Domain\Domain.ESanjeevani.InstituteMember\Domain.ESanjeevani.InstituteMember.csproj", "{D7FBCFB9-E8D0-4177-96E2-4FB7C70734A9}"
EndProject
Global
	GlobalSection(SolutionConfigurationPlatforms) = preSolution
		Debug|Any CPU = Debug|Any CPU
		Release|Any CPU = Release|Any CPU
	EndGlobalSection
	GlobalSection(SolutionProperties) = preSolution
		HideSolutionNode = FALSE
	EndGlobalSection
	GlobalSection(ProjectConfigurationPlatforms) = postSolution
		{D0C38935-6528-4F95-88D9-07D3CA038EE7}.Debug|Any CPU.ActiveCfg = Debug|Any CPU
		{D0C38935-6528-4F95-88D9-07D3CA038EE7}.Debug|Any CPU.Build.0 = Debug|Any CPU
		{D0C38935-6528-4F95-88D9-07D3CA038EE7}.Release|Any CPU.ActiveCfg = Release|Any CPU
		{D0C38935-6528-4F95-88D9-07D3CA038EE7}.Release|Any CPU.Build.0 = Release|Any CPU
		{EFE6DFCA-57E7-4943-8C50-04ED79DA79DD}.Debug|Any CPU.ActiveCfg = Debug|Any CPU
		{EFE6DFCA-57E7-4943-8C50-04ED79DA79DD}.Debug|Any CPU.Build.0 = Debug|Any CPU
		{EFE6DFCA-57E7-4943-8C50-04ED79DA79DD}.Release|Any CPU.ActiveCfg = Release|Any CPU
		{EFE6DFCA-57E7-4943-8C50-04ED79DA79DD}.Release|Any CPU.Build.0 = Release|Any CPU
		{43F6C888-2F6A-443F-AF4C-161FED0D8EEB}.Debug|Any CPU.ActiveCfg = Debug|Any CPU
		{43F6C888-2F6A-443F-AF4C-161FED0D8EEB}.Debug|Any CPU.Build.0 = Debug|Any CPU
		{43F6C888-2F6A-443F-AF4C-161FED0D8EEB}.Release|Any CPU.ActiveCfg = Release|Any CPU
		{43F6C888-2F6A-443F-AF4C-161FED0D8EEB}.Release|Any CPU.Build.0 = Release|Any CPU
		{1FBD04F6-4E71-475D-8424-7D6D023F4CBC}.Debug|Any CPU.ActiveCfg = Debug|Any CPU
		{1FBD04F6-4E71-475D-8424-7D6D023F4CBC}.Debug|Any CPU.Build.0 = Debug|Any CPU
		{1FBD04F6-4E71-475D-8424-7D6D023F4CBC}.Release|Any CPU.ActiveCfg = Release|Any CPU
		{1FBD04F6-4E71-475D-8424-7D6D023F4CBC}.Release|Any CPU.Build.0 = Release|Any CPU
		{6404D422-031B-4B65-B2F3-717F0A582A01}.Debug|Any CPU.ActiveCfg = Debug|Any CPU
		{6404D422-031B-4B65-B2F3-717F0A582A01}.Debug|Any CPU.Build.0 = Debug|Any CPU
		{6404D422-031B-4B65-B2F3-717F0A582A01}.Release|Any CPU.ActiveCfg = Release|Any CPU
		{6404D422-031B-4B65-B2F3-717F0A582A01}.Release|Any CPU.Build.0 = Release|Any CPU
		{983889CC-9887-4C7C-B5F9-22F030F10407}.Debug|Any CPU.ActiveCfg = Debug|Any CPU
		{983889CC-9887-4C7C-B5F9-22F030F10407}.Debug|Any CPU.Build.0 = Debug|Any CPU
		{983889CC-9887-4C7C-B5F9-22F030F10407}.Release|Any CPU.ActiveCfg = Release|Any CPU
		{983889CC-9887-4C7C-B5F9-22F030F10407}.Release|Any CPU.Build.0 = Release|Any CPU
		{77986D34-ADF3-469A-B597-DFAEB0F89727}.Debug|Any CPU.ActiveCfg = Debug|Any CPU
		{77986D34-ADF3-469A-B597-DFAEB0F89727}.Debug|Any CPU.Build.0 = Debug|Any CPU
		{77986D34-ADF3-469A-B597-DFAEB0F89727}.Release|Any CPU.ActiveCfg = Release|Any CPU
		{77986D34-ADF3-469A-B597-DFAEB0F89727}.Release|Any CPU.Build.0 = Release|Any CPU
		{68DCE104-045E-460E-AF9D-8C8DFEF10EA9}.Debug|Any CPU.ActiveCfg = Debug|Any CPU
		{68DCE104-045E-460E-AF9D-8C8DFEF10EA9}.Debug|Any CPU.Build.0 = Debug|Any CPU
		{68DCE104-045E-460E-AF9D-8C8DFEF10EA9}.Release|Any CPU.ActiveCfg = Release|Any CPU
		{68DCE104-045E-460E-AF9D-8C8DFEF10EA9}.Release|Any CPU.Build.0 = Release|Any CPU
		{FFC87F15-E287-4D2E-8508-0F11B88B2437}.Debug|Any CPU.ActiveCfg = Debug|Any CPU
		{FFC87F15-E287-4D2E-8508-0F11B88B2437}.Debug|Any CPU.Build.0 = Debug|Any CPU
		{FFC87F15-E287-4D2E-8508-0F11B88B2437}.Release|Any CPU.ActiveCfg = Release|Any CPU
		{FFC87F15-E287-4D2E-8508-0F11B88B2437}.Release|Any CPU.Build.0 = Release|Any CPU
		{4CF95F4A-AA66-46AB-8F95-E342508B41E8}.Debug|Any CPU.ActiveCfg = Debug|Any CPU
		{4CF95F4A-AA66-46AB-8F95-E342508B41E8}.Debug|Any CPU.Build.0 = Debug|Any CPU
		{4CF95F4A-AA66-46AB-8F95-E342508B41E8}.Release|Any CPU.ActiveCfg = Release|Any CPU
		{4CF95F4A-AA66-46AB-8F95-E342508B41E8}.Release|Any CPU.Build.0 = Release|Any CPU
		{3EA025AB-766A-4BC7-B2F7-468C86B28E83}.Debug|Any CPU.ActiveCfg = Debug|Any CPU
		{3EA025AB-766A-4BC7-B2F7-468C86B28E83}.Debug|Any CPU.Build.0 = Debug|Any CPU
		{3EA025AB-766A-4BC7-B2F7-468C86B28E83}.Release|Any CPU.ActiveCfg = Release|Any CPU
		{3EA025AB-766A-4BC7-B2F7-468C86B28E83}.Release|Any CPU.Build.0 = Release|Any CPU
		{D7FBCFB9-E8D0-4177-96E2-4FB7C70734A9}.Debug|Any CPU.ActiveCfg = Debug|Any CPU
		{D7FBCFB9-E8D0-4177-96E2-4FB7C70734A9}.Debug|Any CPU.Build.0 = Debug|Any CPU
		{D7FBCFB9-E8D0-4177-96E2-4FB7C70734A9}.Release|Any CPU.ActiveCfg = Release|Any CPU
		{D7FBCFB9-E8D0-4177-96E2-4FB7C70734A9}.Release|Any CPU.Build.0 = Release|Any CPU
	EndGlobalSection
	GlobalSection(NestedProjects) = preSolution
		{77986D34-ADF3-469A-B597-DFAEB0F89727} = {B738F600-BC77-4310-9009-4FBC4A013435}
		{1FBD04F6-4E71-475D-8424-7D6D023F4CBC} = {25E184A3-D9E7-483D-9E06-5E30CE987D1E}
		{6404D422-031B-4B65-B2F3-717F0A582A01} = {25E184A3-D9E7-483D-9E06-5E30CE987D1E}
		{983889CC-9887-4C7C-B5F9-22F030F10407} = {25E184A3-D9E7-483D-9E06-5E30CE987D1E}
		{FFC87F15-E287-4D2E-8508-0F11B88B2437} = {CB886C50-4055-46B8-B48D-BD87B0144E2B}
		{68DCE104-045E-460E-AF9D-8C8DFEF10EA9} = {CB886C50-4055-46B8-B48D-BD87B0144E2B}
		{43F6C888-2F6A-443F-AF4C-161FED0D8EEB} = {5E40B4E1-6A29-4396-B6AF-FB2D917F3006}
		{3EA025AB-766A-4BC7-B2F7-468C86B28E83} = {6DAD5640-6D56-4091-906D-E6CF6F4B8BD0}
		{4CF95F4A-AA66-46AB-8F95-E342508B41E8} = {6DAD5640-6D56-4091-906D-E6CF6F4B8BD0}
		{EFE6DFCA-57E7-4943-8C50-04ED79DA79DD} = {D4602278-7C31-4C9B-9BC8-551804212D33}
		{25E184A3-D9E7-483D-9E06-5E30CE987D1E} = {53079E8E-6DFE-4659-B553-FAFDACAFF3C7}
		{6DAD5640-6D56-4091-906D-E6CF6F4B8BD0} = {53079E8E-6DFE-4659-B553-FAFDACAFF3C7}
		{5E40B4E1-6A29-4396-B6AF-FB2D917F3006} = {53079E8E-6DFE-4659-B553-FAFDACAFF3C7}
		{CB886C50-4055-46B8-B48D-BD87B0144E2B} = {53079E8E-6DFE-4659-B553-FAFDACAFF3C7}
		{B738F600-BC77-4310-9009-4FBC4A013435} = {53079E8E-6DFE-4659-B553-FAFDACAFF3C7}
		{D0C38935-6528-4F95-88D9-07D3CA038EE7} = {53079E8E-6DFE-4659-B553-FAFDACAFF3C7}
		{D7FBCFB9-E8D0-4177-96E2-4FB7C70734A9} = {5E40B4E1-6A29-4396-B6AF-FB2D917F3006}
	EndGlobalSection
EndGlobal
